
Microsoft Visual Studio Solution File, Format Version 12.00
# Visual Studio Version 16
VisualStudioVersion = 16.0.31129.286
MinimumVisualStudioVersion = 10.0.40219.1
Project("{FAE04EC0-301F-11D3-BF4B-00C04F79EFBC}") = "EFDemoWeb", "EFDemoWeb\EFDemoWeb.csproj", "{0381C79B-BAC1-48F4-8ACA-E669938B91A1}"
EndProject
Project("{FAE04EC0-301F-11D3-BF4B-00C04F79EFBC}") = "EFDataAccessLibrary", "EFDataAccessLibrary\EFDataAccessLibrary.csproj", "{49F95871-8541-4781-BC02-461C3519EE7F}"
EndProject
Global
	GlobalSection(SolutionConfigurationPlatforms) = preSolution
		Debug|Any CPU = Debug|Any CPU
		Release|Any CPU = Release|Any CPU
	EndGlobalSection
	GlobalSection(ProjectConfigurationPlatforms) = postSolution
		{0381C79B-BAC1-48F4-8ACA-E669938B91A1}.Debug|Any CPU.ActiveCfg = Debug|Any CPU
		{0381C79B-BAC1-48F4-8ACA-E669938B91A1}.Debug|Any CPU.Build.0 = Debug|Any CPU
		{0381C79B-BAC1-48F4-8ACA-E669938B91A1}.Release|Any CPU.ActiveCfg = Release|Any CPU
		{0381C79B-BAC1-48F4-8ACA-E669938B91A1}.Release|Any CPU.Build.0 = Release|Any CPU
		{49F95871-8541-4781-BC02-461C3519EE7F}.Debug|Any CPU.ActiveCfg = Debug|Any CPU
		{49F95871-8541-4781-BC02-461C3519EE7F}.Debug|Any CPU.Build.0 = Debug|Any CPU
		{49F95871-8541-4781-BC02-461C3519EE7F}.Release|Any CPU.ActiveCfg = Release|Any CPU
		{49F95871-8541-4781-BC02-461C3519EE7F}.Release|Any CPU.Build.0 = Release|Any CPU
	EndGlobalSection
	GlobalSection(SolutionProperties) = preSolution
		HideSolutionNode = FALSE
	EndGlobalSection
	GlobalSection(ExtensibilityGlobals) = postSolution
		SolutionGuid = {FFEE34DF-2968-4665-9CBC-85D5BD01A78A}
	EndGlobalSection
EndGlobal
